
Microsoft Visual Studio Solution File, Format Version 12.00
# Visual Studio Version 17
VisualStudioVersion = 17.9.34622.214
MinimumVisualStudioVersion = 10.0.40219.1
Project("{FAE04EC0-301F-11D3-BF4B-00C04F79EFBC}") = "RazorPagesMovie", "RazorPagesMovie\RazorPagesMovie.csproj", "{212E9FCA-0866-490F-AA88-1F88161F68DF}"
EndProject
Global
	GlobalSection(SolutionConfigurationPlatforms) = preSolution
		Debug|Any CPU = Debug|Any CPU
		Release|Any CPU = Release|Any CPU
	EndGlobalSection
	GlobalSection(ProjectConfigurationPlatforms) = postSolution
		{212E9FCA-0866-490F-AA88-1F88161F68DF}.Debug|Any CPU.ActiveCfg = Debug|Any CPU
		{212E9FCA-0866-490F-AA88-1F88161F68DF}.Debug|Any CPU.Build.0 = Debug|Any CPU
		{212E9FCA-0866-490F-AA88-1F88161F68DF}.Release|Any CPU.ActiveCfg = Release|Any CPU
		{212E9FCA-0866-490F-AA88-1F88161F68DF}.Release|Any CPU.Build.0 = Release|Any CPU
	EndGlobalSection
	GlobalSection(SolutionProperties) = preSolution
		HideSolutionNode = FALSE
	EndGlobalSection
	GlobalSection(ExtensibilityGlobals) = postSolution
		SolutionGuid = {52F7533B-16C9-4D84-8915-9B592D819BB9}
	EndGlobalSection
EndGlobal
