
Microsoft Visual Studio Solution File, Format Version 12.00
# Visual Studio Version 17
VisualStudioVersion = 17.9.34701.34
MinimumVisualStudioVersion = 10.0.40219.1
Project("{FAE04EC0-301F-11D3-BF4B-00C04F79EFBC}") = "HelloWorld", "HelloWorld\HelloWorld.csproj", "{77C0F6EB-6291-4F2C-9781-7F9CB3C317B9}"
EndProject
Global
	GlobalSection(SolutionConfigurationPlatforms) = preSolution
		Debug|Any CPU = Debug|Any CPU
		Release|Any CPU = Release|Any CPU
	EndGlobalSection
	GlobalSection(ProjectConfigurationPlatforms) = postSolution
		{77C0F6EB-6291-4F2C-9781-7F9CB3C317B9}.Debug|Any CPU.ActiveCfg = Debug|Any CPU
		{77C0F6EB-6291-4F2C-9781-7F9CB3C317B9}.Debug|Any CPU.Build.0 = Debug|Any CPU
		{77C0F6EB-6291-4F2C-9781-7F9CB3C317B9}.Release|Any CPU.ActiveCfg = Release|Any CPU
		{77C0F6EB-6291-4F2C-9781-7F9CB3C317B9}.Release|Any CPU.Build.0 = Release|Any CPU
	EndGlobalSection
	GlobalSection(SolutionProperties) = preSolution
		HideSolutionNode = FALSE
	EndGlobalSection
	GlobalSection(ExtensibilityGlobals) = postSolution
		SolutionGuid = {CBE6BD18-C7C8-410C-B0E8-01919A3E9978}
	EndGlobalSection
EndGlobal
